
Microsoft Visual Studio Solution File, Format Version 12.00
# Visual Studio 14
VisualStudioVersion = 14.0.25420.1
MinimumVisualStudioVersion = 10.0.40219.1
Project("{FAE04EC0-301F-11D3-BF4B-00C04F79EFBC}") = "APRESENTACAO", "APRESENTACAO\APRESENTACAO.csproj", "{870AA283-0FA4-4FE1-A2DD-81E0584B906C}"
EndProject
Project("{FAE04EC0-301F-11D3-BF4B-00C04F79EFBC}") = "AcessoBancoDados", "AcessoBancoDados\AcessoBancoDados.csproj", "{BC2BF7DC-FA6F-4DFF-B03F-79D7B4E3970D}"
EndProject
Project("{FAE04EC0-301F-11D3-BF4B-00C04F79EFBC}") = "Negocios", "Negocios\Negocios.csproj", "{A53C9F61-D93D-4961-A619-2D33972E3A95}"
EndProject
Project("{FAE04EC0-301F-11D3-BF4B-00C04F79EFBC}") = "ObjetoTrasferencia", "ObjetoTrasferencia\ObjetoTrasferencia.csproj", "{E0C50773-8053-453B-AB79-1625645DFBB2}"
EndProject
Global
	GlobalSection(SolutionConfigurationPlatforms) = preSolution
		Debug|Any CPU = Debug|Any CPU
		Release|Any CPU = Release|Any CPU
	EndGlobalSection
	GlobalSection(ProjectConfigurationPlatforms) = postSolution
		{870AA283-0FA4-4FE1-A2DD-81E0584B906C}.Debug|Any CPU.ActiveCfg = Debug|Any CPU
		{870AA283-0FA4-4FE1-A2DD-81E0584B906C}.Debug|Any CPU.Build.0 = Debug|Any CPU
		{870AA283-0FA4-4FE1-A2DD-81E0584B906C}.Release|Any CPU.ActiveCfg = Release|Any CPU
		{870AA283-0FA4-4FE1-A2DD-81E0584B906C}.Release|Any CPU.Build.0 = Release|Any CPU
		{BC2BF7DC-FA6F-4DFF-B03F-79D7B4E3970D}.Debug|Any CPU.ActiveCfg = Debug|Any CPU
		{BC2BF7DC-FA6F-4DFF-B03F-79D7B4E3970D}.Debug|Any CPU.Build.0 = Debug|Any CPU
		{BC2BF7DC-FA6F-4DFF-B03F-79D7B4E3970D}.Release|Any CPU.ActiveCfg = Release|Any CPU
		{BC2BF7DC-FA6F-4DFF-B03F-79D7B4E3970D}.Release|Any CPU.Build.0 = Release|Any CPU
		{A53C9F61-D93D-4961-A619-2D33972E3A95}.Debug|Any CPU.ActiveCfg = Debug|Any CPU
		{A53C9F61-D93D-4961-A619-2D33972E3A95}.Debug|Any CPU.Build.0 = Debug|Any CPU
		{A53C9F61-D93D-4961-A619-2D33972E3A95}.Release|Any CPU.ActiveCfg = Release|Any CPU
		{A53C9F61-D93D-4961-A619-2D33972E3A95}.Release|Any CPU.Build.0 = Release|Any CPU
		{E0C50773-8053-453B-AB79-1625645DFBB2}.Debug|Any CPU.ActiveCfg = Debug|Any CPU
		{E0C50773-8053-453B-AB79-1625645DFBB2}.Debug|Any CPU.Build.0 = Debug|Any CPU
		{E0C50773-8053-453B-AB79-1625645DFBB2}.Release|Any CPU.ActiveCfg = Release|Any CPU
		{E0C50773-8053-453B-AB79-1625645DFBB2}.Release|Any CPU.Build.0 = Release|Any CPU
	EndGlobalSection
	GlobalSection(SolutionProperties) = preSolution
		HideSolutionNode = FALSE
	EndGlobalSection
EndGlobal
